schema: '2.0'
stages:
  data_ingestion:
    cmd: python src/alzeihmer_detection/pipeline/stage_01_data_ingestion.py
    deps:
    - path: config/config.yaml
      hash: md5
      md5: 1c47995129e0517cf7ce6f867c4cda09
      size: 815
    - path: src/alzeihmer_detection/pipeline/stage_01_data_ingestion.py
      hash: md5
      md5: 0d50684bfc65719d11a27634401fd2b7
      size: 890
    outs:
    - path: artifacts/data_ingestion/
      hash: md5
      md5: 1e81def94f85bbdf5f029edcf40e4ae6.dir
      size: 726944790
      nfiles: 33985
  prepare_base_model:
    cmd: python src/alzeihmer_detection/pipeline/stage_02_prepare_base_model.py
    deps:
    - path: config/config.yaml
      hash: md5
      md5: 1c47995129e0517cf7ce6f867c4cda09
      size: 815
    - path: src/alzeihmer_detection/pipeline/stage_02_prepare_base_model.py
      hash: md5
      md5: cfaf6849e165168dff8904758160f6e6
      size: 934
    params:
      params.yaml:
        CLASSES: 4
        IMAGE_SIZE:
        - 224
        - 224
        - 3
        INCLUDE_TOP: false
        LEARNING_RATE: 0.01
        WEIGHTS: imagenet
    outs:
    - path: artifacts/prepare_base_model
      hash: md5
      md5: 090ad3ab51228c22b80fadad0554a614.dir
      size: 191379896
      nfiles: 2
  training:
    cmd: python src/alzeihmer_detection/pipeline/stage_03_training.py
    deps:
    - path: artifacts/data_ingestion/
      hash: md5
      md5: 1e81def94f85bbdf5f029edcf40e4ae6.dir
      size: 726944790
      nfiles: 33985
    - path: artifacts/prepare_base_model
      hash: md5
      md5: 090ad3ab51228c22b80fadad0554a614.dir
      size: 191379896
      nfiles: 2
    - path: config/config.yaml
      hash: md5
      md5: 1c47995129e0517cf7ce6f867c4cda09
      size: 815
    - path: src/alzeihmer_detection/pipeline/stage_03_training.py
      hash: md5
      md5: 97f1beb089a7ca9001a722cba0a2cbab
      size: 1242
    params:
      params.yaml:
        AUGMENTATION: true
        BATCH_SIZE: 16
        EPOCHS: 1
        IMAGE_SIZE:
        - 224
        - 224
        - 3
    outs:
    - path: artifacts/training/model.h5
      hash: md5
      md5: f14ea09fdf9b4609ab64cebbc23be6a4
      size: 98105072
  evaluation:
    cmd: python src/alzeihmer_detection/pipeline/stage_04_evaluation.py
    deps:
    - path: artifacts/data_ingestion/
      hash: md5
      md5: 1e81def94f85bbdf5f029edcf40e4ae6.dir
      size: 726944790
      nfiles: 33985
    - path: artifacts/training/model.h5
      hash: md5
      md5: f14ea09fdf9b4609ab64cebbc23be6a4
      size: 98105072
    - path: config/config.yaml
      hash: md5
      md5: 1c47995129e0517cf7ce6f867c4cda09
      size: 815
    - path: src/alzeihmer_detection/pipeline/stage_04_evaluation.py
      hash: md5
      md5: 5fc285791a4ace2db319a13ad69c7132
      size: 895
    params:
      params.yaml:
        BATCH_SIZE: 16
        IMAGE_SIZE:
        - 224
        - 224
        - 3
    outs:
    - path: scores.json
      hash: md5
      md5: c6b704813c9f9ac43c94e528921f64f7
      size: 73
